
Microsoft Visual Studio Solution File, Format Version 12.00
# Visual Studio 15
VisualStudioVersion = 15.0.28307.136
MinimumVisualStudioVersion = 10.0.40219.1
Project("{FAE04EC0-301F-11D3-BF4B-00C04F79EFBC}") = "lottery", "lottery\lottery.csproj", "{80C4ACA9-B2D1-4D51-AAC4-D92B90195DA6}"
EndProject
Global
	GlobalSection(SolutionConfigurationPlatforms) = preSolution
		Debug|Any CPU = Debug|Any CPU
		Release|Any CPU = Release|Any CPU
	EndGlobalSection
	GlobalSection(ProjectConfigurationPlatforms) = postSolution
		{80C4ACA9-B2D1-4D51-AAC4-D92B90195DA6}.Debug|Any CPU.ActiveCfg = Debug|Any CPU
		{80C4ACA9-B2D1-4D51-AAC4-D92B90195DA6}.Debug|Any CPU.Build.0 = Debug|Any CPU
		{80C4ACA9-B2D1-4D51-AAC4-D92B90195DA6}.Release|Any CPU.ActiveCfg = Release|Any CPU
		{80C4ACA9-B2D1-4D51-AAC4-D92B90195DA6}.Release|Any CPU.Build.0 = Release|Any CPU
	EndGlobalSection
	GlobalSection(SolutionProperties) = preSolution
		HideSolutionNode = FALSE
	EndGlobalSection
	GlobalSection(ExtensibilityGlobals) = postSolution
		SolutionGuid = {EE0FFC71-E288-4BD9-A213-FD69186D2F10}
	EndGlobalSection
EndGlobal
